
Microsoft Visual Studio Solution File, Format Version 12.00
# Visual Studio 15
VisualStudioVersion = 15.0.27703.2000
MinimumVisualStudioVersion = 10.0.40219.1
Project("{FAE04EC0-301F-11D3-BF4B-00C04F79EFBC}") = "WindowsFormsApp4", "WindowsFormsApp4\WindowsFormsApp4.csproj", "{DF197AC2-84F1-4F45-B7F5-DB785C7C2F7A}"
EndProject
Global
	GlobalSection(SolutionConfigurationPlatforms) = preSolution
		Debug|Any CPU = Debug|Any CPU
		Release|Any CPU = Release|Any CPU
	EndGlobalSection
	GlobalSection(ProjectConfigurationPlatforms) = postSolution
		{DF197AC2-84F1-4F45-B7F5-DB785C7C2F7A}.Debug|Any CPU.ActiveCfg = Debug|Any CPU
		{DF197AC2-84F1-4F45-B7F5-DB785C7C2F7A}.Debug|Any CPU.Build.0 = Debug|Any CPU
		{DF197AC2-84F1-4F45-B7F5-DB785C7C2F7A}.Release|Any CPU.ActiveCfg = Release|Any CPU
		{DF197AC2-84F1-4F45-B7F5-DB785C7C2F7A}.Release|Any CPU.Build.0 = Release|Any CPU
	EndGlobalSection
	GlobalSection(SolutionProperties) = preSolution
		HideSolutionNode = FALSE
	EndGlobalSection
	GlobalSection(ExtensibilityGlobals) = postSolution
		SolutionGuid = {50ECE963-8BB1-4D26-B91A-426D0D794018}
	EndGlobalSection
EndGlobal
