
Microsoft Visual Studio Solution File, Format Version 12.00
# Visual Studio 15
VisualStudioVersion = 15.0.27703.2000
MinimumVisualStudioVersion = 10.0.40219.1
Project("{FAE04EC0-301F-11D3-BF4B-00C04F79EFBC}") = "Library3", "Library3\Library3.csproj", "{9257C939-806D-49D3-A515-42785F67C585}"
EndProject
Global
	GlobalSection(SolutionConfigurationPlatforms) = preSolution
		Debug|Any CPU = Debug|Any CPU
		Release|Any CPU = Release|Any CPU
	EndGlobalSection
	GlobalSection(ProjectConfigurationPlatforms) = postSolution
		{9257C939-806D-49D3-A515-42785F67C585}.Debug|Any CPU.ActiveCfg = Debug|Any CPU
		{9257C939-806D-49D3-A515-42785F67C585}.Debug|Any CPU.Build.0 = Debug|Any CPU
		{9257C939-806D-49D3-A515-42785F67C585}.Release|Any CPU.ActiveCfg = Release|Any CPU
		{9257C939-806D-49D3-A515-42785F67C585}.Release|Any CPU.Build.0 = Release|Any CPU
	EndGlobalSection
	GlobalSection(SolutionProperties) = preSolution
		HideSolutionNode = FALSE
	EndGlobalSection
	GlobalSection(ExtensibilityGlobals) = postSolution
		SolutionGuid = {2C4C6BC4-6B5A-4F1D-AE3E-18B4B20F72DC}
	EndGlobalSection
EndGlobal
